// !$*UTF8*$!
{
	archiveVersion = 1;
	classes = {
	};
	objectVersion = 46;
	objects = {

/* Begin PBXBuildFile section */
		FA56BF421A36FBB4005A8E4A /* main.m in Sources */ = {isa = PBXBuildFile; fileRef = FA56BF411A36FBB4005A8E4A /* main.m */; };
/* End PBXBuildFile section */

/* Begin PBXCopyFilesBuildPhase section */
		FA56BF3C1A36FBB4005A8E4A /* CopyFiles */ = {
			isa = PBXCopyFilesBuildPhase;
			buildActionMask = 2147483647;
			dstPath = /usr/share/man/man1/;
			dstSubfolderSpec = 0;
			files = (
			);
			runOnlyForDeploymentPostprocessing = 1;
		};
/* End PBXCopyFilesBuildPhase section */

/* Begin PBXFileReference section */
		FA56BF3E1A36FBB4005A8E4A /* TruthOrDare */ = {isa = PBXFileReference; explicitFileType = "compiled.mach-o.executable"; includeInIndex = 0; path = TruthOrDare; sourceTree = BUILT_PRODUCTS_DIR; };
		FA56BF411A36FBB4005A8E4A /* main.m */ = {isa = PBXFileReference; lastKnownFileType = sourcecode.c.objc; path = main.m; sourceTree = "<group>"; };
/* End PBXFileReference section */

/* Begin PBXFrameworksBuildPhase section */
		FA56BF3B1A36FBB4005A8E4A /* Frameworks */ = {
			isa = PBXFrameworksBuildPhase;
			buildActionMask = 2147483647;
			files = (
			);
			runOnlyForDeploymentPostprocessing = 0;
		};
/* End PBXFrameworksBuildPhase section */

/* Begin PBXGroup section */
		FA56BF351A36FBB4005A8E4A = {
			isa = PBXGroup;
			children = (
				FA56BF401A36FBB4005A8E4A /* TruthOrDare */,
				FA56BF3F1A36FBB4005A8E4A /* Products */,
			);
			sourceTree = "<group>";
		};
		FA56BF3F1A36FBB4005A8E4A /* Products */ = {
			isa = PBXGroup;
			children = (
				FA56BF3E1A36FBB4005A8E4A /* TruthOrDare */,
			);
			name = Products;
			sourceTree = "<group>";
		};
		FA56BF401A36FBB4005A8E4A /* TruthOrDare */ = {
			isa = PBXGroup;
			children = (
				FA56BF411A36FBB4005A8E4A /* main.m */,
			);
			path = TruthOrDare;
			sourceTree = "<group>";
		};
/* End PBXGroup section */

/* Begin PBXNativeTarget section */
		FA56BF3D1A36FBB4005A8E4A /* TruthOrDare */ = {
			isa = PBXNativeTarget;
			buildConfigurationList = FA56BF451A36FBB4005A8E4A /* Build configuration list for PBXNativeTarget "TruthOrDare" */;
			buildPhases = (
				FA56BF3A1A36FBB4005A8E4A /* Sources */,
				FA56BF3B1A36FBB4005A8E4A /* Frameworks */,
				FA56BF3C1A36FBB4005A8E4A /* CopyFiles */,
			);
			buildRules = (
			);
			dependencies = (
			);
			name = TruthOrDare;
			productName = TruthOrDare;
			productReference = FA56BF3E1A36FBB4005A8E4A /* TruthOrDare */;
			productType = "com.apple.product-type.tool";
		};
/* End PBXNativeTarget section */

/* Begin PBXProject section */
		FA56BF361A36FBB4005A8E4A /* Project object */ = {
			isa = PBXProject;
			attributes = {
				LastUpgradeCheck = 0610;
				ORGANIZATIONNAME = "Alex Cummaudo";
				TargetAttributes = {
					FA56BF3D1A36FBB4005A8E4A = {
						CreatedOnToolsVersion = 6.1.1;
					};
				};
			};
			buildConfigurationList = FA56BF391A36FBB4005A8E4A /* Build configuration list for PBXProject "TruthOrDare" */;
			compatibilityVersion = "Xcode 3.2";
			developmentRegion = English;
			hasScannedForEncodings = 0;
			knownRegions = (
				en,
			);
			mainGroup = FA56BF351A36FBB4005A8E4A;
			productRefGroup = FA56BF3F1A36FBB4005A8E4A /* Products */;
			projectDirPath = "";
			projectRoot = "";
			targets = (
				FA56BF3D1A36FBB4005A8E4A /* TruthOrDare */,
			);
		};
/* End PBXProject section */

/* Begin PBXSourcesBuildPhase section */
		FA56BF3A1A36FBB4005A8E4A /* Sources */ = {
			isa = PBXSourcesBuildPhase;
			buildActionMask = 2147483647;
			files = (
				FA56BF421A36FBB4005A8E4A /* main.m in Sources */,
			);
			runOnlyForDeploymentPostprocessing = 0;
		};
/* End PBXSourcesBuildPhase section */

/* Begin XCBuildConfiguration section */
		FA56BF431A36FBB4005A8E4A /* Debug */ = {
			isa = XCBuildConfiguration;
			buildSettings = {
				ALWAYS_SEARCH_USER_PATHS = NO;
				CLANG_CXX_LANGUAGE_STANDARD = "gnu++0x";
				CLANG_CXX_LIBRARY = "libc++";
				CLANG_ENABLE_MODULES = YES;
				CLANG_ENABLE_OBJC_ARC = YES;
				CLANG_WARN_BOOL_CONVERSION = YES;
				CLANG_WARN_CONSTANT_CONVERSION = YES;
				CLANG_WARN_DIRECT_OBJC_ISA_USAGE = YES_ERROR;
				CLANG_WARN_EMPTY_BODY = YES;
				CLANG_WARN_ENUM_CONVERSION = YES;
				CLANG_WARN_INT_CONVERSION = YES;
				CLANG_WARN_OBJC_ROOT_CLASS = YES_ERROR;
				CLANG_WARN_UNREACHABLE_CODE = YES;
				CLANG_WARN__DUPLICATE_METHOD_MATCH = YES;
				COPY_PHASE_STRIP = NO;
				ENABLE_STRICT_OBJC_MSGSEND = YES;
				GCC_C_LANGUAGE_STANDARD = gnu99;
				GCC_DYNAMIC_NO_PIC = NO;
				GCC_OPTIMIZATION_LEVEL = 0;
				GCC_PREPROCESSOR_DEFINITIONS = (
					"DEBUG=1",
					"$(inherited)",
				);
				GCC_SYMBOLS_PRIVATE_EXTERN = NO;
				GCC_WARN_64_TO_32_BIT_CONVERSION = YES;
				GCC_WARN_ABOUT_RETURN_TYPE = YES_ERROR;
				GCC_WARN_UNDECLARED_SELECTOR = YES;
				GCC_WARN_UNINITIALIZED_AUTOS = YES_AGGRESSIVE;
				GCC_WARN_UNUSED_FUNCTION = YES;
				GCC_WARN_UNUSED_VARIABLE = YES;
				MACOSX_DEPLOYMENT_TARGET = 10.10;
				MTL_ENABLE_DEBUG_INFO = YES;
				ONLY_ACTIVE_ARCH = YES;
				SDKROOT = macosx;
			};
			name = Debug;
		};
		FA56BF441A36FBB4005A8E4A /* Release */ = {
			isa = XCBuildConfiguration;
			buildSettings = {
				ALWAYS_SEARCH_USER_PATHS = NO;
				CLANG_CXX_LANGUAGE_STANDARD = "gnu++0x";
				CLANG_CXX_LIBRARY = "libc++";
				CLANG_ENABLE_MODULES = YES;
				CLANG_ENABLE_OBJC_ARC = YES;
				CLANG_WARN_BOOL_CONVERSION = YES;
				CLANG_WARN_CONSTANT_CONVERSION = YES;
				CLANG_WARN_DIRECT_OBJC_ISA_USAGE = YES_ERROR;
				CLANG_WARN_EMPTY_BODY = YES;
				CLANG_WARN_ENUM_CONVERSION = YES;
				CLANG_WARN_INT_CONVERSION = YES;
				CLANG_WARN_OBJC_ROOT_CLASS = YES_ERROR;
				CLANG_WARN_UNREACHABLE_CODE = YES;
				CLANG_WARN__DUPLICATE_METHOD_MATCH = YES;
				COPY_PHASE_STRIP = YES;
				DEBUG_INFORMATION_FORMAT = "dwarf-with-dsym";
				ENABLE_NS_ASSERTIONS = NO;
				ENABLE_STRICT_OBJC_MSGSEND = YES;
				GCC_C_LANGUAGE_STANDARD = gnu99;
				GCC_WARN_64_TO_32_BIT_CONVERSION = YES;
				GCC_WARN_ABOUT_RETURN_TYPE = YES_ERROR;
				GCC_WARN_UNDECLARED_SELECTOR = YES;
				GCC_WARN_UNINITIALIZED_AUTOS = YES_AGGRESSIVE;
				GCC_WARN_UNUSED_FUNCTION = YES;
				GCC_WARN_UNUSED_VARIABLE = YES;
				MACOSX_DEPLOYMENT_TARGET = 10.10;
				MTL_ENABLE_DEBUG_INFO = NO;
				SDKROOT = macosx;
			};
			name = Release;
		};
		FA56BF461A36FBB4005A8E4A /* Debug */ = {
			isa = XCBuildConfiguration;
			buildSettings = {
				PRODUCT_NAME = "$(TARGET_NAME)";
			};
			name = Debug;
		};
		FA56BF471A36FBB4005A8E4A /* Release */ = {
			isa = XCBuildConfiguration;
			buildSettings = {
				PRODUCT_NAME = "$(TARGET_NAME)";
			};
			name = Release;
		};
/* End XCBuildConfiguration section */

/* Begin XCConfigurationList section */
		FA56BF391A36FBB4005A8E4A /* Build configuration list for PBXProject "TruthOrDare" */ = {
			isa = XCConfigurationList;
			buildConfigurations = (
				FA56BF431A36FBB4005A8E4A /* Debug */,
				FA56BF441A36FBB4005A8E4A /* Release */,
			);
			defaultConfigurationIsVisible = 0;
			defaultConfigurationName = Release;
		};
		FA56BF451A36FBB4005A8E4A /* Build configuration list for PBXNativeTarget "TruthOrDare" */ = {
			isa = XCConfigurationList;
			buildConfigurations = (
				FA56BF461A36FBB4005A8E4A /* Debug */,
				FA56BF471A36FBB4005A8E4A /* Release */,
			);
			defaultConfigurationIsVisible = 0;
		};
/* End XCConfigurationList section */
	};
	rootObject = FA56BF361A36FBB4005A8E4A /* Project object */;
}
